[[package]]
category = "main"
description = "Atomic file writes."
marker = "sys_platform == \"win32\""
name = "atomicwrites"
optional = false
python-versions = ">=2.7, !=3.0.*, !=3.1.*, !=3.2.*, !=3.3.*"
version = "1.3.0"

[[package]]
category = "main"
description = "Classes Without Boilerplate"
name = "attrs"
optional = false
python-versions = ">=2.7, !=3.0.*, !=3.1.*, !=3.2.*, !=3.3.*"
version = "19.3.0"

[package.extras]
azure-pipelines = ["coverage", "hypothesis", "pympler", "pytest (>=4.3.0)", "six", "zope.interface", "pytest-azurepipelines"]
dev = ["coverage", "hypothesis", "pympler", "pytest (>=4.3.0)", "six", "zope.interface", "sphinx", "pre-commit"]
docs = ["sphinx", "zope.interface"]
tests = ["coverage", "hypothesis", "pympler", "pytest (>=4.3.0)", "six", "zope.interface"]

[[package]]
category = "main"
description = "Python package for providing Mozilla's CA Bundle."
name = "certifi"
optional = false
python-versions = "*"
version = "2019.11.28"

[[package]]
category = "main"
description = "Universal encoding detector for Python 2 and 3"
name = "chardet"
optional = false
python-versions = "*"
version = "3.0.4"

[[package]]
category = "main"
description = "Cross-platform colored terminal text."
name = "colorama"
optional = false
python-versions = ">=2.7, !=3.0.*, !=3.1.*, !=3.2.*, !=3.3.*, !=3.4.*"
version = "0.4.3"

[[package]]
category = "main"
description = "Updated configparser from Python 3.7 for Python 2.6+."
name = "configparser"
optional = false
python-versions = ">=2.6"
version = "4.0.2"

[package.extras]
docs = ["sphinx", "jaraco.packaging (>=3.2)", "rst.linker (>=1.9)"]
testing = ["pytest (>=3.5,<3.7.3 || >3.7.3)", "pytest-checkdocs (>=1.2)", "pytest-flake8", "pytest-black-multipy"]

[[package]]
category = "main"
description = "TextUI colors for Python."
name = "crayons"
optional = false
python-versions = "*"
version = "0.3.0"

[package.dependencies]
colorama = "*"

[[package]]
category = "dev"
description = "Discover and load entry points from installed packages."
name = "entrypoints"
optional = false
python-versions = ">=2.7"
version = "0.3"

[[package]]
category = "dev"
description = "the modular source code checker: pep8, pyflakes and co"
name = "flake8"
optional = false
python-versions = ">=2.7, !=3.0.*, !=3.1.*, !=3.2.*, !=3.3.*"
version = "3.7.9"

[package.dependencies]
entrypoints = ">=0.3.0,<0.4.0"
mccabe = ">=0.6.0,<0.7.0"
pycodestyle = ">=2.5.0,<2.6.0"
pyflakes = ">=2.1.0,<2.2.0"

[[package]]
category = "main"
description = "Clean single-source support for Python 3 and 2"
name = "future"
optional = false
python-versions = ">=2.6, !=3.0.*, !=3.1.*, !=3.2.*"
version = "0.18.2"

[[package]]
category = "main"
description = "Internationalized Domain Names in Applications (IDNA)"
name = "idna"
optional = false
python-versions = ">=2.7, !=3.0.*, !=3.1.*, !=3.2.*, !=3.3.*"
version = "2.8"

[[package]]
category = "main"
description = "Read metadata from Python packages"
marker = "python_version < \"3.8\""
name = "importlib-metadata"
optional = false
python-versions = "!=3.0.*,!=3.1.*,!=3.2.*,!=3.3.*,!=3.4.*,>=2.7"
version = "1.5.0"

[package.dependencies]
zipp = ">=0.5"

[package.extras]
docs = ["sphinx", "rst.linker"]
testing = ["packaging", "importlib-resources"]

[[package]]
category = "dev"
description = "McCabe checker, plugin for flake8"
name = "mccabe"
optional = false
python-versions = "*"
version = "0.6.1"

[[package]]
category = "main"
description = "More routines for operating on iterables, beyond itertools"
name = "more-itertools"
optional = false
python-versions = ">=3.5"
version = "8.2.0"

[[package]]
category = "main"
description = "Core utilities for Python packages"
name = "packaging"
optional = false
python-versions = ">=2.7, !=3.0.*, !=3.1.*, !=3.2.*, !=3.3.*"
version = "20.1"

[package.dependencies]
pyparsing = ">=2.0.2"
six = "*"

[[package]]
category = "main"
description = "plugin and hook calling mechanisms for python"
name = "pluggy"
optional = false
python-versions = ">=2.7, !=3.0.*, !=3.1.*, !=3.2.*, !=3.3.*"
version = "0.13.1"

[package.dependencies]
[package.dependencies.importlib-metadata]
python = "<3.8"
version = ">=0.12"

[package.extras]
dev = ["pre-commit", "tox"]

[[package]]
category = "main"
description = "library with cross-python path, ini-parsing, io, code, log facilities"
name = "py"
optional = false
python-versions = ">=2.7, !=3.0.*, !=3.1.*, !=3.2.*, !=3.3.*"
version = "1.8.1"

[[package]]
category = "dev"
description = "Python style guide checker"
name = "pycodestyle"
optional = false
python-versions = ">=2.7, !=3.0.*, !=3.1.*, !=3.2.*, !=3.3.*"
version = "2.5.0"

[[package]]
category = "dev"
description = "passive checker of Python programs"
name = "pyflakes"
optional = false
python-versions = ">=2.7, !=3.0.*, !=3.1.*, !=3.2.*, !=3.3.*"
version = "2.1.1"

[[package]]
category = "main"
description = "Python parsing module"
name = "pyparsing"
optional = false
python-versions = ">=2.6, !=3.0.*, !=3.1.*, !=3.2.*"
version = "2.4.6"

[[package]]
category = "main"
description = "python page object model for selenium"
name = "pypom"
optional = false
python-versions = "*"
version = "2.2.0"

[package.dependencies]
pluggy = "*"
selenium = "*"
"zope.component" = "*"
"zope.interface" = "*"

[package.extras]
splinter = ["splinter"]

[[package]]
category = "main"
description = "pytest: simple powerful testing with Python"
name = "pytest"
optional = false
python-versions = ">=3.5"
version = "5.3.5"

[package.dependencies]
atomicwrites = ">=1.0"
attrs = ">=17.4.0"
colorama = "*"
more-itertools = ">=4.0.0"
packaging = "*"
pluggy = ">=0.12,<1.0"
py = ">=1.5.0"
wcwidth = "*"

[package.dependencies.importlib-metadata]
python = "<3.8"
version = ">=0.12"

[package.extras]
checkqa-mypy = ["mypy (v0.761)"]
testing = ["argcomplete", "hypothesis (>=3.56)", "mock", "nose", "requests", "xmlschema"]

[[package]]
category = "main"
description = "pytest plugin for URL based testing"
name = "pytest-base-url"
optional = false
python-versions = "*"
version = "1.4.1"

[package.dependencies]
pytest = ">=2.7.3"
requests = ">=2.9"

[[package]]
category = "main"
description = "Python HTTP for Humans."
name = "requests"
optional = false
python-versions = ">=2.7, !=3.0.*, !=3.1.*, !=3.2.*, !=3.3.*, !=3.4.*"
version = "2.22.0"

[package.dependencies]
certifi = ">=2017.4.17"
chardet = ">=3.0.2,<3.1.0"
idna = ">=2.5,<2.9"
urllib3 = ">=1.21.1,<1.25.0 || >1.25.0,<1.25.1 || >1.25.1,<1.26"

[package.extras]
security = ["pyOpenSSL (>=0.14)", "cryptography (>=1.3.4)", "idna (>=2.0.0)"]
socks = ["PySocks (>=1.5.6,<1.5.7 || >1.5.7)", "win-inet-pton"]

[[package]]
category = "main"
description = "User-oriented browser tests in Python (Selenide port)"
name = "selene"
optional = false
python-versions = "*"
version = "2.0.0a21"

[package.dependencies]
future = "*"
selenium = "3.141.0"
webdriver-manager = "*"

[[package]]
category = "main"
description = "Python bindings for Selenium"
name = "selenium"
optional = false
python-versions = "*"
version = "3.141.0"

[package.dependencies]
urllib3 = "*"

[[package]]
category = "main"
description = "Python 2 and 3 compatibility utilities"
name = "six"
optional = false
python-versions = ">=2.7, !=3.0.*, !=3.1.*, !=3.2.*"
version = "1.14.0"

[[package]]
category = "main"
description = "browser abstraction for web acceptance testing"
name = "splinter"
optional = false
python-versions = "*"
version = "0.13.0"

[package.dependencies]
selenium = ">=3.141.0"
six = "*"

[package.extras]
django = ["lxml (>=2.3.6)", "cssselect", "six", "Django (>=1.7.11)", "Django (>=2.0.6)"]
flask = ["Flask (>=1.0.2)", "lxml (>=2.3.6)", "cssselect"]
"zope.testbrowser" = ["zope.testbrowser (>=5.2.4)", "lxml (>=4.2.4)", "cssselect"]

[[package]]
category = "main"
description = "HTTP library with thread-safe connection pooling, file post, and more."
name = "urllib3"
optional = false
python-versions = ">=2.7, !=3.0.*, !=3.1.*, !=3.2.*, !=3.3.*, !=3.4.*, <4"
version = "1.25.8"

[package.extras]
brotli = ["brotlipy (>=0.6.0)"]
secure = ["pyOpenSSL (>=0.14)", "cryptography (>=1.3.4)", "idna (>=2.0.0)", "certifi", "ipaddress"]
socks = ["PySocks (>=1.5.6,<1.5.7 || >1.5.7,<2.0)"]

[[package]]
category = "main"
description = "Measures number of Terminal column cells of wide-character codes"
name = "wcwidth"
optional = false
python-versions = "*"
version = "0.1.8"

[[package]]
category = "main"
description = "Library provides the way to automatically manage drivers for different browsers"
name = "webdriver-manager"
optional = false
python-versions = "*"
version = "2.3.0"

[package.dependencies]
configparser = "*"
crayons = "*"
requests = "*"

[[package]]
category = "main"
description = "Backport of pathlib-compatible object wrapper for zip files"
marker = "python_version < \"3.8\""
name = "zipp"
optional = false
python-versions = ">=3.6"
version = "2.1.0"

[package.extras]
docs = ["sphinx", "jaraco.packaging (>=3.2)", "rst.linker (>=1.9)"]
testing = ["jaraco.itertools"]

[[package]]
category = "main"
description = "Zope Component Architecture"
name = "zope.component"
optional = false
python-versions = "*"
version = "4.6"

[package.dependencies]
setuptools = "*"
"zope.deferredimport" = ">=4.2.1"
"zope.deprecation" = ">=4.3.0"
"zope.event" = "*"
"zope.hookable" = ">=4.2.0"
"zope.interface" = ">=4.1.0"

[package.extras]
docs = ["sphinx", "zodb", "repoze.sphinx.autointerface"]
mintests = ["zope.configuration", "zope.i18nmessageid", "zope.testing", "zope.testrunner"]
persistentregistry = ["persistent"]
security = ["zope.location", "zope.proxy", "zope.security"]
test = ["persistent", "zope.configuration", "zope.i18nmessageid", "zope.location", "zope.proxy", "zope.security", "zope.testing", "zope.testrunner"]
zcml = ["zope.configuration", "zope.i18nmessageid"]

[[package]]
category = "main"
description = "zope.deferredimport allows you to perform imports names that will only be resolved when used in the code."
name = "zope.deferredimport"
optional = false
python-versions = "*"
version = "4.3.1"

[package.dependencies]
setuptools = "*"
"zope.proxy" = "*"

[package.extras]
docs = ["sphinx", "repoze.sphinx.autointerface"]
test = ["zope.testrunner"]

[[package]]
category = "main"
description = "Zope Deprecation Infrastructure"
name = "zope.deprecation"
optional = false
python-versions = "*"
version = "4.4.0"

[package.dependencies]
setuptools = "*"

[package.extras]
docs = ["sphinx"]
test = ["zope.testrunner"]

[[package]]
category = "main"
description = "Very basic event publishing system"
name = "zope.event"
optional = false
python-versions = "*"
version = "4.4"

[package.dependencies]
setuptools = "*"

[package.extras]
docs = ["sphinx"]
test = ["zope.testrunner"]

[[package]]
category = "main"
description = "Zope hookable"
name = "zope.hookable"
optional = false
python-versions = ">=2.7,!=3.0.*,!=3.1.*,!=3.2.*,!=3.3.*,!=3.4.*"
version = "5.0.0"

[package.dependencies]
setuptools = "*"

[package.extras]
docs = ["sphinx"]
test = ["zope.testing"]
testing = ["coverage", "zope.testing"]

[[package]]
category = "main"
description = "Interfaces for Python"
name = "zope.interface"
optional = false
python-versions = ">=2.7, !=3.0.*, !=3.1.*, !=3.2.*, !=3.3.*, !=3.4.*"
version = "4.7.1"

[package.dependencies]
setuptools = "*"

[package.extras]
docs = ["sphinx", "repoze.sphinx.autointerface"]
test = ["zope.event"]
testing = ["coverage", "nose", "zope.event"]

[[package]]
category = "main"
description = "Generic Transparent Proxies"
name = "zope.proxy"
optional = false
python-versions = "*"
version = "4.3.3"

[package.dependencies]
setuptools = "*"
"zope.interface" = "*"

[package.extras]
docs = ["sphinx", "repoze.sphinx.autointerface"]
test = ["zope.security", "zope.testrunner"]

[metadata]
content-hash = "78de4de1a7c84cc5d0abdf2d6c6fbd7bb9bb7b55df1811fd8e56fae18108bbd0"
python-versions = "^3.7"

[metadata.files]
atomicwrites = [
    {file = "atomicwrites-1.3.0-py2.py3-none-any.whl", hash = "sha256:03472c30eb2c5d1ba9227e4c2ca66ab8287fbfbbda3888aa93dc2e28fc6811b4"},
    {file = "atomicwrites-1.3.0.tar.gz", hash = "sha256:75a9445bac02d8d058d5e1fe689654ba5a6556a1dfd8ce6ec55a0ed79866cfa6"},
]
attrs = [
    {file = "attrs-19.3.0-py2.py3-none-any.whl", hash = "sha256:08a96c641c3a74e44eb59afb61a24f2cb9f4d7188748e76ba4bb5edfa3cb7d1c"},
    {file = "attrs-19.3.0.tar.gz", hash = "sha256:f7b7ce16570fe9965acd6d30101a28f62fb4a7f9e926b3bbc9b61f8b04247e72"},
]
certifi = [
    {file = "certifi-2019.11.28-py2.py3-none-any.whl", hash = "sha256:017c25db2a153ce562900032d5bc68e9f191e44e9a0f762f373977de9df1fbb3"},
    {file = "certifi-2019.11.28.tar.gz", hash = "sha256:25b64c7da4cd7479594d035c08c2d809eb4aab3a26e5a990ea98cc450c320f1f"},
]
chardet = [
    {file = "chardet-3.0.4-py2.py3-none-any.whl", hash = "sha256:fc323ffcaeaed0e0a02bf4d117757b98aed530d9ed4531e3e15460124c106691"},
    {file = "chardet-3.0.4.tar.gz", hash = "sha256:84ab92ed1c4d4f16916e05906b6b75a6c0fb5db821cc65e70cbd64a3e2a5eaae"},
]
colorama = [
    {file = "colorama-0.4.3-py2.py3-none-any.whl", hash = "sha256:7d73d2a99753107a36ac6b455ee49046802e59d9d076ef8e47b61499fa29afff"},
    {file = "colorama-0.4.3.tar.gz", hash = "sha256:e96da0d330793e2cb9485e9ddfd918d456036c7149416295932478192f4436a1"},
]
configparser = [
    {file = "configparser-4.0.2-py2.py3-none-any.whl", hash = "sha256:254c1d9c79f60c45dfde850850883d5aaa7f19a23f13561243a050d5a7c3fe4c"},
    {file = "configparser-4.0.2.tar.gz", hash = "sha256:c7d282687a5308319bf3d2e7706e575c635b0a470342641c93bea0ea3b5331df"},
]
crayons = [
    {file = "crayons-0.3.0-py2.py3-none-any.whl", hash = "sha256:8c9e4a3a607bc10e9a9140d496ecd16c6805088dd16c852c378f1f1d5db7aeb6"},
    {file = "crayons-0.3.0.tar.gz", hash = "sha256:50e5fa729d313e2c607ae8bf7b53bb487652e10bd8e7a1e08c4bc8bf62755ffc"},
]
entrypoints = [
    {file = "entrypoints-0.3-py2.py3-none-any.whl", hash = "sha256:589f874b313739ad35be6e0cd7efde2a4e9b6fea91edcc34e58ecbb8dbe56d19"},
    {file = "entrypoints-0.3.tar.gz", hash = "sha256:c70dd71abe5a8c85e55e12c19bd91ccfeec11a6e99044204511f9ed547d48451"},
]
flake8 = [
    {file = "flake8-3.7.9-py2.py3-none-any.whl", hash = "sha256:49356e766643ad15072a789a20915d3c91dc89fd313ccd71802303fd67e4deca"},
    {file = "flake8-3.7.9.tar.gz", hash = "sha256:45681a117ecc81e870cbf1262835ae4af5e7a8b08e40b944a8a6e6b895914cfb"},
]
future = [
    {file = "future-0.18.2.tar.gz", hash = "sha256:b1bead90b70cf6ec3f0710ae53a525360fa360d306a86583adc6bf83a4db537d"},
]
idna = [
    {file = "idna-2.8-py2.py3-none-any.whl", hash = "sha256:ea8b7f6188e6fa117537c3df7da9fc686d485087abf6ac197f9c46432f7e4a3c"},
    {file = "idna-2.8.tar.gz", hash = "sha256:c357b3f628cf53ae2c4c05627ecc484553142ca23264e593d327bcde5e9c3407"},
]
importlib-metadata = [
    {file = "importlib_metadata-1.5.0-py2.py3-none-any.whl", hash = "sha256:b97607a1a18a5100839aec1dc26a1ea17ee0d93b20b0f008d80a5a050afb200b"},
    {file = "importlib_metadata-1.5.0.tar.gz", hash = "sha256:06f5b3a99029c7134207dd882428a66992a9de2bef7c2b699b5641f9886c3302"},
]
mccabe = [
    {file = "mccabe-0.6.1-py2.py3-none-any.whl", hash = "sha256:ab8a6258860da4b6677da4bd2fe5dc2c659cff31b3ee4f7f5d64e79735b80d42"},
    {file = "mccabe-0.6.1.tar.gz", hash = "sha256:dd8d182285a0fe56bace7f45b5e7d1a6ebcbf524e8f3bd87eb0f125271b8831f"},
]
more-itertools = [
    {file = "more-itertools-8.2.0.tar.gz", hash = "sha256:b1ddb932186d8a6ac451e1d95844b382f55e12686d51ca0c68b6f61f2ab7a507"},
    {file = "more_itertools-8.2.0-py3-none-any.whl", hash = "sha256:5dd8bcf33e5f9513ffa06d5ad33d78f31e1931ac9a18f33d37e77a180d393a7c"},
]
packaging = [
    {file = "packaging-20.1-py2.py3-none-any.whl", hash = "sha256:170748228214b70b672c581a3dd610ee51f733018650740e98c7df862a583f73"},
    {file = "packaging-20.1.tar.gz", hash = "sha256:e665345f9eef0c621aa0bf2f8d78cf6d21904eef16a93f020240b704a57f1334"},
]
pluggy = [
    {file = "pluggy-0.13.1-py2.py3-none-any.whl", hash = "sha256:966c145cd83c96502c3c3868f50408687b38434af77734af1e9ca461a4081d2d"},
    {file = "pluggy-0.13.1.tar.gz", hash = "sha256:15b2acde666561e1298d71b523007ed7364de07029219b604cf808bfa1c765b0"},
]
py = [
    {file = "py-1.8.1-py2.py3-none-any.whl", hash = "sha256:c20fdd83a5dbc0af9efd622bee9a5564e278f6380fffcacc43ba6f43db2813b0"},
    {file = "py-1.8.1.tar.gz", hash = "sha256:5e27081401262157467ad6e7f851b7aa402c5852dbcb3dae06768434de5752aa"},
]
pycodestyle = [
    {file = "pycodestyle-2.5.0-py2.py3-none-any.whl", hash = "sha256:95a2219d12372f05704562a14ec30bc76b05a5b297b21a5dfe3f6fac3491ae56"},
    {file = "pycodestyle-2.5.0.tar.gz", hash = "sha256:e40a936c9a450ad81df37f549d676d127b1b66000a6c500caa2b085bc0ca976c"},
]
pyflakes = [
    {file = "pyflakes-2.1.1-py2.py3-none-any.whl", hash = "sha256:17dbeb2e3f4d772725c777fabc446d5634d1038f234e77343108ce445ea69ce0"},
    {file = "pyflakes-2.1.1.tar.gz", hash = "sha256:d976835886f8c5b31d47970ed689944a0262b5f3afa00a5a7b4dc81e5449f8a2"},
]
pyparsing = [
    {file = "pyparsing-2.4.6-py2.py3-none-any.whl", hash = "sha256:c342dccb5250c08d45fd6f8b4a559613ca603b57498511740e65cd11a2e7dcec"},
    {file = "pyparsing-2.4.6.tar.gz", hash = "sha256:4c830582a84fb022400b85429791bc551f1f4871c33f23e44f353119e92f969f"},
]
pypom = [
    {file = "PyPOM-2.2.0-py2.py3-none-any.whl", hash = "sha256:4bdd57fceb72d7e6a3645cf6c9322f490d9cfb5d777eac2c851a3b658b813939"},
    {file = "PyPOM-2.2.0.tar.gz", hash = "sha256:6772ec99f0a21a5bdc8c092007a8c813ed18359e67ed70258bbb233df5e28829"},
]
pytest = [
    {file = "pytest-5.3.5-py3-none-any.whl", hash = "sha256:ff615c761e25eb25df19edddc0b970302d2a9091fbce0e7213298d85fb61fef6"},
    {file = "pytest-5.3.5.tar.gz", hash = "sha256:0d5fe9189a148acc3c3eb2ac8e1ac0742cb7618c084f3d228baaec0c254b318d"},
]
pytest-base-url = [
    {file = "pytest-base-url-1.4.1.tar.gz", hash = "sha256:7425e8163345494ac7f544e99c6f3e5a08f4228bee5e26013b98c462a4d31f6e"},
    {file = "pytest_base_url-1.4.1-py2.py3-none-any.whl", hash = "sha256:31e42366a5fc22f450b398837dc819bb7569f5e6bd5d74e494b2b9ec239876d1"},
]
requests = [
    {file = "requests-2.22.0-py2.py3-none-any.whl", hash = "sha256:9cf5292fcd0f598c671cfc1e0d7d1a7f13bb8085e9a590f48c010551dc6c4b31"},
    {file = "requests-2.22.0.tar.gz", hash = "sha256:11e007a8a2aa0323f5a921e9e6a2d7e4e67d9877e85773fba9ba6419025cbeb4"},
]
selene = [
    {file = "selene-2.0.0a21-py3-none-any.whl", hash = "sha256:a35e7b3b0c2272b226699fde18873596903ee66aecef716dffc06ffdf8833a36"},
]
selenium = [
    {file = "selenium-3.141.0-py2.py3-none-any.whl", hash = "sha256:2d7131d7bc5a5b99a2d9b04aaf2612c411b03b8ca1b1ee8d3de5845a9be2cb3c"},
    {file = "selenium-3.141.0.tar.gz", hash = "sha256:deaf32b60ad91a4611b98d8002757f29e6f2c2d5fcaf202e1c9ad06d6772300d"},
]
six = [
    {file = "six-1.14.0-py2.py3-none-any.whl", hash = "sha256:8f3cd2e254d8f793e7f3d6d9df77b92252b52637291d0f0da013c76ea2724b6c"},
    {file = "six-1.14.0.tar.gz", hash = "sha256:236bdbdce46e6e6a3d61a337c0f8b763ca1e8717c03b369e87a7ec7ce1319c0a"},
]
splinter = [
    {file = "splinter-0.13.0-py2-none-any.whl", hash = "sha256:62b5876757f0ac09324a7d5e5f94886110219c2b85300516ec39a914d7992d91"},
    {file = "splinter-0.13.0.tar.gz", hash = "sha256:9e92535f273622507ac157612c3bb0e9cee7b5ccd2aa097d47b408e34c2ca356"},
]
urllib3 = [
    {file = "urllib3-1.25.8-py2.py3-none-any.whl", hash = "sha256:2f3db8b19923a873b3e5256dc9c2dedfa883e33d87c690d9c7913e1f40673cdc"},
    {file = "urllib3-1.25.8.tar.gz", hash = "sha256:87716c2d2a7121198ebcb7ce7cccf6ce5e9ba539041cfbaeecfb641dc0bf6acc"},
]
wcwidth = [
    {file = "wcwidth-0.1.8-py2.py3-none-any.whl", hash = "sha256:8fd29383f539be45b20bd4df0dc29c20ba48654a41e661925e612311e9f3c603"},
    {file = "wcwidth-0.1.8.tar.gz", hash = "sha256:f28b3e8a6483e5d49e7f8949ac1a78314e740333ae305b4ba5defd3e74fb37a8"},
]
webdriver-manager = [
    {file = "webdriver_manager-2.3.0-py2.py3-none-any.whl", hash = "sha256:e4359ff4fb7ebeae3a561081897a747eddf6fe726652d95b609303b966ac4cf7"},
]
zipp = [
    {file = "zipp-2.1.0-py3-none-any.whl", hash = "sha256:ccc94ed0909b58ffe34430ea5451f07bc0c76467d7081619a454bf5c98b89e28"},
    {file = "zipp-2.1.0.tar.gz", hash = "sha256:feae2f18633c32fc71f2de629bfb3bd3c9325cd4419642b1f1da42ee488d9b98"},
]
"zope.component" = [
    {file = "zope.component-4.6.tar.gz", hash = "sha256:ec2afc5bbe611dcace98bb39822c122d44743d635dafc7315b9aef25097db9e6"},
]
"zope.deferredimport" = [
    {file = "zope.deferredimport-4.3.1-py2.py3-none-any.whl", hash = "sha256:9a0c211df44aa95f1c4e6d2626f90b400f56989180d3ef96032d708da3d23e0a"},
    {file = "zope.deferredimport-4.3.1.tar.gz", hash = "sha256:57b2345e7b5eef47efcd4f634ff16c93e4265de3dcf325afc7315ade48d909e1"},
]
"zope.deprecation" = [
    {file = "zope.deprecation-4.4.0-py2.py3-none-any.whl", hash = "sha256:f1480b74995958b24ce37b0ef04d3663d2683e5d6debc96726eff18acf4ea113"},
    {file = "zope.deprecation-4.4.0.tar.gz", hash = "sha256:0d453338f04bacf91bbfba545d8bcdf529aa829e67b705eac8c1a7fdce66e2df"},
]
"zope.event" = [
    {file = "zope.event-4.4-py2.py3-none-any.whl", hash = "sha256:d8e97d165fd5a0997b45f5303ae11ea3338becfe68c401dd88ffd2113fe5cae7"},
    {file = "zope.event-4.4.tar.gz", hash = "sha256:69c27debad9bdacd9ce9b735dad382142281ac770c4a432b533d6d65c4614bcf"},
]
"zope.hookable" = [
    {file = "zope.hookable-5.0.0-cp27-cp27m-macosx_10_6_intel.whl", hash = "sha256:dbeb127a04473f5a989169eb400b67beb921c749599b77650941c21fe39cb8d9"},
    {file = "zope.hookable-5.0.0-cp27-cp27m-manylinux1_i686.whl", hash = "sha256:30890892652766fc80d11f078aca9a5b8150bef6b88aba23799581a53515c404"},
    {file = "zope.hookable-5.0.0-cp27-cp27m-manylinux1_x86_64.whl", hash = "sha256:74bf2f757f7385b56dc3548adae508d8b3ef952d600b4b12b88f7d1706b05dcc"},
    {file = "zope.hookable-5.0.0-cp27-cp27m-manylinux2010_i686.whl", hash = "sha256:9758ec9174966ffe5c499b6c3d149f80aa0a9238020006a2b87c6af5963fcf48"},
    {file = "zope.hookable-5.0.0-cp27-cp27m-manylinux2010_x86_64.whl", hash = "sha256:81eeeb27dbb0ddaed8070daee529f0d1bfe4f74c7351cce2aaca3ea287c4cc32"},
    {file = "zope.hookable-5.0.0-cp27-cp27m-win32.whl", hash = "sha256:f9d58ccec8684ca276d5a4e7b0dfacca028336300a8f715d616d9f0ce9ae8096"},
    {file = "zope.hookable-5.0.0-cp27-cp27m-win_amd64.whl", hash = "sha256:95ad874a8cc94e786969215d660143817f745225579bfe318c4676e218d3147c"},
    {file = "zope.hookable-5.0.0-cp27-cp27mu-manylinux1_i686.whl", hash = "sha256:a67878a798f6ca292729a28c2226592b3d000dc6ee7825d31887b553686c7ac7"},
    {file = "zope.hookable-5.0.0-cp27-cp27mu-manylinux1_x86_64.whl", hash = "sha256:d087602a6845ebe9d5a1c5a949fedde2c45f372d77fbce4f7fe44b68b28a1d03"},
    {file = "zope.hookable-5.0.0-cp27-cp27mu-manylinux2010_i686.whl", hash = "sha256:8853e81fd07b18fa9193b19e070dc0557848d9945b1d2dac3b7782543458c87d"},
    {file = "zope.hookable-5.0.0-cp27-cp27mu-manylinux2010_x86_64.whl", hash = "sha256:db9c60368aff2b7e6c47115f3ad9bd6e96aa298b12ed5f8cb13f5673b30be565"},
    {file = "zope.hookable-5.0.0-cp35-cp35m-macosx_10_6_intel.whl", hash = "sha256:62e79e8fdde087cb20822d7874758f5acbedbffaf3c0fbe06309eb8a41ee4e06"},
    {file = "zope.hookable-5.0.0-cp35-cp35m-manylinux1_i686.whl", hash = "sha256:d1080e1074ddf75ad6662a9b34626650759c19a9093e1a32a503d37e48da135b"},
    {file = "zope.hookable-5.0.0-cp35-cp35m-manylinux1_x86_64.whl", hash = "sha256:46b2fddf1f5aeb526e02b91f7e62afbb9fff4ffd7aafc97cdb00a0d717641567"},
    {file = "zope.hookable-5.0.0-cp35-cp35m-manylinux2010_i686.whl", hash = "sha256:f67820b6d33a705dc3c1c457156e51686f7b350ff57f2112e1a9a4dad38ec268"},
    {file = "zope.hookable-5.0.0-cp35-cp35m-manylinux2010_x86_64.whl", hash = "sha256:22a317ba00f61bac99eac1a5e330be7cb8c316275a21269ec58aa396b602af0c"},
    {file = "zope.hookable-5.0.0-cp35-cp35m-win32.whl", hash = "sha256:e647d850aa1286d98910133cee12bd87c354f7b7bb3f3cd816a62ba7fa2f7007"},
    {file = "zope.hookable-5.0.0-cp35-cp35m-win_amd64.whl", hash = "sha256:ca6705c2a1fb5059a4efbe9f5426be4cdf71b3c9564816916fc7aa7902f19ede"},
    {file = "zope.hookable-5.0.0-cp36-cp36m-macosx_10_6_intel.whl", hash = "sha256:a9a6d9eb2319a09905670810e2de971d6c49013843700b4975e2fc0afe96c8db"},
    {file = "zope.hookable-5.0.0-cp36-cp36m-manylinux1_i686.whl", hash = "sha256:53aa02eb8921d4e667c69d76adeed8fe426e43870c101cb08dcd2f3468aff742"},
    {file = "zope.hookable-5.0.0-cp36-cp36m-manylinux1_x86_64.whl", hash = "sha256:f717a0b34460ae1ac0064e91b267c0588ac2c098ffd695992e72cd5462d97a67"},
    {file = "zope.hookable-5.0.0-cp36-cp36m-manylinux2010_i686.whl", hash = "sha256:f37a210b5c04b2d4e4bac494ab15b70196f219a1e1649ddca78560757d4278fb"},
    {file = "zope.hookable-5.0.0-cp36-cp36m-manylinux2010_x86_64.whl", hash = "sha256:fcc3513a54e656067cbf7b98bab0d6b9534b9eabc666d1f78aad6acdf0962736"},
    {file = "zope.hookable-5.0.0-cp36-cp36m-win32.whl", hash = "sha256:25531cb5e7b35e8a6d1d6eddef624b9a22ce5dcf8f4448ef0f165acfa8c3fc21"},
    {file = "zope.hookable-5.0.0-cp36-cp36m-win_amd64.whl", hash = "sha256:dd69a9be95346d10c853b6233fcafe3c0315b89424b378f2ad45170d8e161568"},
    {file = "zope.hookable-5.0.0-cp37-cp37m-macosx_10_6_intel.whl", hash = "sha256:342d682d93937e5b8c232baffb32a87d5eee605d44f74566657c64a239b7f342"},
    {file = "zope.hookable-5.0.0-cp37-cp37m-manylinux1_i686.whl", hash = "sha256:94506a732da2832029aecdfe6ea07eb1b70ee06d802fff34e1b3618fe7cdf026"},
    {file = "zope.hookable-5.0.0-cp37-cp37m-manylinux1_x86_64.whl", hash = "sha256:7b83bc341e682771fe810b360cd5d9c886a948976aea4b979ff214e10b8b523b"},
    {file = "zope.hookable-5.0.0-cp37-cp37m-manylinux2010_i686.whl", hash = "sha256:751ee9d89eb96e00c1d7048da9725ce392a708ed43406416dc5ed61e4d199764"},
    {file = "zope.hookable-5.0.0-cp37-cp37m-manylinux2010_x86_64.whl", hash = "sha256:cf711527c9d4ae72085f137caffb4be74fc007ffb17cd103628c7d5ba17e205f"},
    {file = "zope.hookable-5.0.0-cp37-cp37m-win32.whl", hash = "sha256:b3e118b58a3d2301960e6f5f25736d92f6b9f861728d3b8c26d69f54d8a157d2"},
    {file = "zope.hookable-5.0.0-cp37-cp37m-win_amd64.whl", hash = "sha256:dca336ca3682d869d291d7cd18284f6ff6876e4244eb1821430323056b000e2c"},
    {file = "zope.hookable-5.0.0-cp38-cp38-manylinux1_i686.whl", hash = "sha256:dd79f8fae5894f1ee0a0042214685f2d039341250c994b825c10a4cd075d80f6"},
    {file = "zope.hookable-5.0.0-cp38-cp38-manylinux1_x86_64.whl", hash = "sha256:f68969978ccf0e6123902f7365aae5b7a9e99169d4b9105c47cf28e788116894"},
    {file = "zope.hookable-5.0.0-cp38-cp38-manylinux2010_i686.whl", hash = "sha256:0992a0dd692003c09fb958e1480cebd1a28f2ef32faa4857d864f3ca8e9d6952"},
    {file = "zope.hookable-5.0.0-cp38-cp38-manylinux2010_x86_64.whl", hash = "sha256:a169823e331da939aa7178fc152e65699aeb78957e46c6f80ccb50ee4c3616c2"},
    {file = "zope.hookable-5.0.0-cp38-cp38-win32.whl", hash = "sha256:856509191e16930335af4d773c0fc31a17bae8991eb6f167a09d5eddf25b56cc"},
    {file = "zope.hookable-5.0.0-cp38-cp38-win_amd64.whl", hash = "sha256:523318ff96df9b8d378d997c00c5d4cbfbff68dc48ff5ee5addabdb697d27528"},
    {file = "zope.hookable-5.0.0.tar.gz", hash = "sha256:0f325838dbac827a1e2ed5d482c1f2656b6844dc96aa098f7727e76395fcd694"},
]
"zope.interface" = [
    {file = "zope.interface-4.7.1-cp27-cp27m-macosx_10_6_intel.whl", hash = "sha256:14157421f4121a57625002cc4f48ac7521ea238d697c4a4459a884b62132b977"},
    {file = "zope.interface-4.7.1-cp27-cp27m-manylinux1_i686.whl", hash = "sha256:35dbe4e8c73003dff40dfaeb15902910a4360699375e7b47d3c909a83ff27cd0"},
    {file = "zope.interface-4.7.1-cp27-cp27m-manylinux1_x86_64.whl", hash = "sha256:18dc895945694f397a0be86be760ff664b790f95d8e7752d5bab80284ff9105d"},
    {file = "zope.interface-4.7.1-cp27-cp27m-manylinux2010_i686.whl", hash = "sha256:52303a20902ca0888dfb83230ca3ee6fbe63c0ad1dd60aa0bba7958ccff454d8"},
    {file = "zope.interface-4.7.1-cp27-cp27m-manylinux2010_x86_64.whl", hash = "sha256:73b5921c5c6ce3358c836461b5470bf675601c96d5e5d8f2a446951470614f67"},
    {file = "zope.interface-4.7.1-cp27-cp27m-win32.whl", hash = "sha256:c94b77a13d4f47883e4f97f9fa00f5feadd38af3e6b3c7be45cfdb0a14c7149b"},
    {file = "zope.interface-4.7.1-cp27-cp27m-win_amd64.whl", hash = "sha256:c56db7d10b25ce8918b6aec6b08ac401842b47e6c136773bfb3b590753f7fb67"},
    {file = "zope.interface-4.7.1-cp27-cp27mu-manylinux1_i686.whl", hash = "sha256:b68814a322835d8ad671b7acc23a3b2acecba527bb14f4b53fc925f8a27e44d8"},
    {file = "zope.interface-4.7.1-cp27-cp27mu-manylinux1_x86_64.whl", hash = "sha256:6e0a897d4e09859cc80c6a16a29697406ead752292ace17f1805126a4f63c838"},
    {file = "zope.interface-4.7.1-cp27-cp27mu-manylinux2010_i686.whl", hash = "sha256:f6ca36dc1e9eeb46d779869c60001b3065fb670b5775c51421c099ea2a77c3c9"},
    {file = "zope.interface-4.7.1-cp27-cp27mu-manylinux2010_x86_64.whl", hash = "sha256:455cc8c01de3bac6f9c223967cea41f4449f58b4c2e724ec8177382ddd183ab4"},
    {file = "zope.interface-4.7.1-cp35-cp35m-macosx_10_6_intel.whl", hash = "sha256:8a27b4d3ea9c6d086ce8e7cdb3e8d319b6752e2a03238a388ccc83ccbe165f50"},
    {file = "zope.interface-4.7.1-cp35-cp35m-manylinux1_i686.whl", hash = "sha256:2e8fdd625e9aba31228e7ddbc36bad5c38dc3ee99a86aa420f89a290bd987ce9"},
    {file = "zope.interface-4.7.1-cp35-cp35m-manylinux1_x86_64.whl", hash = "sha256:23cfeea25d1e42ff3bf4f9a0c31e9d5950aa9e7c4b12f0c4bd086f378f7b7a71"},
    {file = "zope.interface-4.7.1-cp35-cp35m-manylinux2010_i686.whl", hash = "sha256:1962c9f838bd6ae4075d0014f72697510daefc7e1c7e48b2607df0b6e157989c"},
    {file = "zope.interface-4.7.1-cp35-cp35m-manylinux2010_x86_64.whl", hash = "sha256:24f84ce24eb6b5fcdcb38ad9761524f1ae96f7126abb5e597f8a3973d9921409"},
    {file = "zope.interface-4.7.1-cp35-cp35m-win32.whl", hash = "sha256:8093cd45cdb5f6c8591cfd1af03d32b32965b0f79b94684cd0c9afdf841982bb"},
    {file = "zope.interface-4.7.1-cp35-cp35m-win_amd64.whl", hash = "sha256:3f7866365df5a36a7b8de8056cd1c605648f56f9a226d918ed84c85d25e8d55f"},
    {file = "zope.interface-4.7.1-cp36-cp36m-macosx_10_6_intel.whl", hash = "sha256:24b6fce1fb71abf9f4093e3259084efcc0ef479f89356757780685bd2b06ef37"},
    {file = "zope.interface-4.7.1-cp36-cp36m-manylinux1_i686.whl", hash = "sha256:fb62f2cbe790a50d95593fb40e8cca261c31a2f5637455ea39440d6457c2ba25"},
    {file = "zope.interface-4.7.1-cp36-cp36m-manylinux1_x86_64.whl", hash = "sha256:21bf781076dd616bd07cf0223f79d61ab4f45176076f90bc2890e18c48195da4"},
    {file = "zope.interface-4.7.1-cp36-cp36m-manylinux2010_i686.whl", hash = "sha256:e6487d01c8b7ed86af30ea141fcc4f93f8a7dde26f94177c1ad637c353bd5c07"},
    {file = "zope.interface-4.7.1-cp36-cp36m-manylinux2010_x86_64.whl", hash = "sha256:048b16ac882a05bc7ef534e8b9f15c9d7a6c190e24e8938a19b7617af4ed854a"},
    {file = "zope.interface-4.7.1-cp36-cp36m-win32.whl", hash = "sha256:6e1816e7c10966330d77af45f77501f9a68818c065dec0ad11d22b50a0e212e7"},
    {file = "zope.interface-4.7.1-cp36-cp36m-win_amd64.whl", hash = "sha256:35d24be9d04d50da3a6f4d61de028c1dd087045385a0ff374d93ef85af61b584"},
    {file = "zope.interface-4.7.1-cp37-cp37m-macosx_10_6_intel.whl", hash = "sha256:e86923fa728dfba39c5bb6046a450bd4eec8ad949ac404eca728cfce320d1732"},
    {file = "zope.interface-4.7.1-cp37-cp37m-manylinux1_i686.whl", hash = "sha256:bcb50a032c3b6ec7fb281b3a83d2b31ab5246c5b119588725b1350d3a1d9f6a3"},
    {file = "zope.interface-4.7.1-cp37-cp37m-manylinux1_x86_64.whl", hash = "sha256:2f3bc2f49b67b1bea82b942d25bc958d4f4ea6709b411cb2b6b9718adf7914ce"},
    {file = "zope.interface-4.7.1-cp37-cp37m-manylinux2010_i686.whl", hash = "sha256:864b4a94b60db301899cf373579fd9ef92edddbf0fb2cd5ae99f53ef423ccc56"},
    {file = "zope.interface-4.7.1-cp37-cp37m-manylinux2010_x86_64.whl", hash = "sha256:25e0ef4a824017809d6d8b0ce4ab3288594ba283e4d4f94d8cfb81d73ed65114"},
    {file = "zope.interface-4.7.1-cp37-cp37m-win32.whl", hash = "sha256:065d6a1ac89d35445168813bed45048ed4e67a4cdfc5a68fdb626a770378869f"},
    {file = "zope.interface-4.7.1-cp37-cp37m-win_amd64.whl", hash = "sha256:1a67408cacd198c7e6274a19920bb4568d56459e659e23c4915528686ac1763a"},
    {file = "zope.interface-4.7.1-cp38-cp38-manylinux1_i686.whl", hash = "sha256:91b847969d4784abd855165a2d163f72ac1e58e6dce09a5e46c20e58f19cc96d"},
    {file = "zope.interface-4.7.1-cp38-cp38-manylinux1_x86_64.whl", hash = "sha256:21c0a5d98650aebb84efa16ce2c8df1a46bdc4fe8a9e33237d0ca0b23f416ead"},
    {file = "zope.interface-4.7.1-cp38-cp38-manylinux2010_i686.whl", hash = "sha256:3dfce831b824ab5cf446ed0c350b793ac6fa5fe33b984305cb4c966a86a8fb79"},
    {file = "zope.interface-4.7.1-cp38-cp38-manylinux2010_x86_64.whl", hash = "sha256:05816cf8e7407cf62f2ec95c0a5d69ec4fa5741d9ccd10db9f21691916a9a098"},
    {file = "zope.interface-4.7.1-cp38-cp38-win32.whl", hash = "sha256:db381f6fdaef483ad435f778086ccc4890120aff8df2ba5cfeeac24d280b3145"},
    {file = "zope.interface-4.7.1-cp38-cp38-win_amd64.whl", hash = "sha256:b47b1028be4758c3167e474884ccc079b94835f058984b15c145966c4df64d27"},
    {file = "zope.interface-4.7.1.tar.gz", hash = "sha256:4bb937e998be9d5e345f486693e477ba79e4344674484001a0b646be1d530487"},
]
"zope.proxy" = [
    {file = "zope.proxy-4.3.3-cp27-cp27m-macosx_10_6_intel.whl", hash = "sha256:ffdafb98db7574f9da84c489a10a5d582079a888cb43c64e9e6b0e3fe1034685"},
    {file = "zope.proxy-4.3.3-cp27-cp27m-manylinux1_i686.whl", hash = "sha256:e4f1863056e3e4f399c285b67fa816f411a7bfa1c81ef50e186126164e396e59"},
    {file = "zope.proxy-4.3.3-cp27-cp27m-manylinux1_x86_64.whl", hash = "sha256:be8a4908dd3f6e965993c0068b006bdbd0474fbcbd1da4893b49356e73fc1557"},
    {file = "zope.proxy-4.3.3-cp27-cp27m-manylinux2010_i686.whl", hash = "sha256:5483d5e70aacd06f0aa3effec9fed597c0b50f45060956eeeb1203c44d4338c3"},
    {file = "zope.proxy-4.3.3-cp27-cp27m-manylinux2010_x86_64.whl", hash = "sha256:3f734bd8a08f5185a64fb6abb8f14dc97ec27a689ca808fb7a83cdd38d745e4f"},
    {file = "zope.proxy-4.3.3-cp27-cp27m-win32.whl", hash = "sha256:8b932c364c1d1605a91907a41128ed0ee8a2d326fc0fafb2c55cd46f545f4599"},
    {file = "zope.proxy-4.3.3-cp27-cp27m-win_amd64.whl", hash = "sha256:664211d63306e4bd4eec35bf2b4bd9db61c394037911cf2d1804c43b511a49f1"},
    {file = "zope.proxy-4.3.3-cp27-cp27mu-manylinux1_i686.whl", hash = "sha256:bd6fde63b015a27262be06bd6bbdd895273cc2bdf2d4c7e1c83711d26a8fbace"},
    {file = "zope.proxy-4.3.3-cp27-cp27mu-manylinux1_x86_64.whl", hash = "sha256:4eabeb48508953ba1f3590ad0773b8daea9e104eec66d661917e9bbcd7125a67"},
    {file = "zope.proxy-4.3.3-cp27-cp27mu-manylinux2010_i686.whl", hash = "sha256:07b6bceea232559d24358832f1cd2ed344bbf05ca83855a5b9698b5f23c5ed60"},
    {file = "zope.proxy-4.3.3-cp27-cp27mu-manylinux2010_x86_64.whl", hash = "sha256:f19b0b80cba73b204dee68501870b11067711d21d243fb6774256d3ca2e5391f"},
    {file = "zope.proxy-4.3.3-cp35-cp35m-macosx_10_6_intel.whl", hash = "sha256:ecd85f68b8cd9ab78a0141e87ea9a53b2f31fd9b1350a1c44da1f7481b5363ef"},
    {file = "zope.proxy-4.3.3-cp35-cp35m-manylinux1_i686.whl", hash = "sha256:2bfc36bfccbe047671170ea5677efd3d5ab730a55d7e45611d76d495e5b96766"},
    {file = "zope.proxy-4.3.3-cp35-cp35m-manylinux1_x86_64.whl", hash = "sha256:22bf61857c5977f34d4e391476d40f9a3b8c6ab24fb0cac448d42d8f8b9bf7b2"},
    {file = "zope.proxy-4.3.3-cp35-cp35m-manylinux2010_i686.whl", hash = "sha256:6651e6caed66a8fff0fef1a3e81c0ed2253bf361c0fdc834500488732c5d16e9"},
    {file = "zope.proxy-4.3.3-cp35-cp35m-manylinux2010_x86_64.whl", hash = "sha256:04646ac04ffa9c8e32fb2b5c3cd42995b2548ea14251f3c21ca704afae88e42c"},
    {file = "zope.proxy-4.3.3-cp35-cp35m-win32.whl", hash = "sha256:6c1fba6cdfdf105739d3069cf7b07664f2944d82a8098218ab2300a82d8f40fc"},
    {file = "zope.proxy-4.3.3-cp35-cp35m-win_amd64.whl", hash = "sha256:ed269b83750413e8fc5c96276372f49ee3fcb7ed61c49fe8e5a67f54459a5a4a"},
    {file = "zope.proxy-4.3.3-cp36-cp36m-macosx_10_6_intel.whl", hash = "sha256:3f78dd8de3112df8bbd970f0916ac876dc3fbe63810bd1cf7cc5eec4cbac4f04"},
    {file = "zope.proxy-4.3.3-cp36-cp36m-manylinux1_i686.whl", hash = "sha256:299870e3428cbff1cd9f9b34144e76ecdc1d9e3192a8cf5f1b0258f47a239f58"},
    {file = "zope.proxy-4.3.3-cp36-cp36m-manylinux1_x86_64.whl", hash = "sha256:32e82d5a640febc688c0789e15ea875bf696a10cf358f049e1ed841f01710a9b"},
    {file = "zope.proxy-4.3.3-cp36-cp36m-manylinux2010_i686.whl", hash = "sha256:3b2051bdc4bc3f02fa52483f6381cf40d4d48167645241993f9d7ebbd142ed9b"},
    {file = "zope.proxy-4.3.3-cp36-cp36m-manylinux2010_x86_64.whl", hash = "sha256:1ef452cc02e0e2f8e3c917b1a5b936ef3280f2c2ca854ee70ac2164d1655f7e6"},
    {file = "zope.proxy-4.3.3-cp36-cp36m-win32.whl", hash = "sha256:bda7c62c954f47b87ed9a89f525eee1b318ec7c2162dfdba76c2ccfa334e0caa"},
    {file = "zope.proxy-4.3.3-cp36-cp36m-win_amd64.whl", hash = "sha256:abe9e7f1a3e76286c5f5baf2bf5162d41dc0310da493b34a2c36555f38d928f7"},
    {file = "zope.proxy-4.3.3-cp37-cp37m-macosx_10_6_intel.whl", hash = "sha256:56a5f9b46892b115a75d0a1f2292431ad5988461175826600acc69a24cb3edee"},
    {file = "zope.proxy-4.3.3-cp37-cp37m-manylinux1_i686.whl", hash = "sha256:ced65fc3c7d7205267506d854bb1815bb445899cca9d21d1d4b949070a635546"},
    {file = "zope.proxy-4.3.3-cp37-cp37m-manylinux1_x86_64.whl", hash = "sha256:4f05ecc33808187f430f249cb1ccab35c38f570b181f2d380fbe253da94b18d8"},
    {file = "zope.proxy-4.3.3-cp37-cp37m-manylinux2010_i686.whl", hash = "sha256:6e64246e6e9044a4534a69dca1283c6ddab6e757be5e6874f69024329b3aa61f"},
    {file = "zope.proxy-4.3.3-cp37-cp37m-manylinux2010_x86_64.whl", hash = "sha256:a884c7426a5bc6fb7fc71a55ad14e66818e13f05b78b20a6f37175f324b7acb8"},
    {file = "zope.proxy-4.3.3-cp37-cp37m-win32.whl", hash = "sha256:9086cf6d20f08dae7f296a78f6c77d1f8d24079d448f023ee0eb329078dd35e1"},
    {file = "zope.proxy-4.3.3-cp37-cp37m-win_amd64.whl", hash = "sha256:9698533c14afa0548188de4968a7932d1f3f965f3f5ba1474de673596bb875af"},
    {file = "zope.proxy-4.3.3-cp38-cp38-manylinux1_i686.whl", hash = "sha256:4f4f4cbf23d3afc1526294a31e7b3eaa0f682cc28ac5366065dc1d6bb18bd7be"},
    {file = "zope.proxy-4.3.3-cp38-cp38-manylinux1_x86_64.whl", hash = "sha256:856b410a14793069d8ba35f33fff667213ea66f2df25a0024cc72a7493c56d4c"},
    {file = "zope.proxy-4.3.3-cp38-cp38-manylinux2010_i686.whl", hash = "sha256:9b12b05dd7c28f5068387c1afee8cb94f9d02501e7ef495a7c5c7e27139b96ad"},
    {file = "zope.proxy-4.3.3-cp38-cp38-manylinux2010_x86_64.whl", hash = "sha256:838390245c7ec137af4993c0c8052f49d5ec79e422b4451bfa37fee9b9ccaa01"},
    {file = "zope.proxy-4.3.3-cp38-cp38-win32.whl", hash = "sha256:64bb63af8a06f736927d260efdd4dfc5253d42244f281a8063e4b9eea2ddcbc5"},
    {file = "zope.proxy-4.3.3-cp38-cp38-win_amd64.whl", hash = "sha256:653f8cbefcf7c6ac4cece2cdef367c4faa2b7c19795d52bd7cbec11a8739a7c1"},
    {file = "zope.proxy-4.3.3.tar.gz", hash = "sha256:dac4279aa05055d3897ab5e5ee5a7b39db121f91df65a530f8b1ac7f9bd93119"},
]
